
Microsoft Visual Studio Solution File, Format Version 12.00
Project("{FAE04EC0-301F-11D3-BF4B-00C04F79EFBC}") = "ServiceBusTest", "ServiceBusTest\ServiceBusTest.csproj", "{8C8FD077-19EA-41BC-974B-1260470A7FF5}"
EndProject
Global
	GlobalSection(SolutionConfigurationPlatforms) = preSolution
		Debug|Any CPU = Debug|Any CPU
		Release|Any CPU = Release|Any CPU
	EndGlobalSection
	GlobalSection(ProjectConfigurationPlatforms) = postSolution
		{8C8FD077-19EA-41BC-974B-1260470A7FF5}.Debug|Any CPU.ActiveCfg = Debug|Any CPU
		{8C8FD077-19EA-41BC-974B-1260470A7FF5}.Debug|Any CPU.Build.0 = Debug|Any CPU
		{8C8FD077-19EA-41BC-974B-1260470A7FF5}.Release|Any CPU.ActiveCfg = Release|Any CPU
		{8C8FD077-19EA-41BC-974B-1260470A7FF5}.Release|Any CPU.Build.0 = Release|Any CPU
	EndGlobalSection
EndGlobal
